
Microsoft Visual Studio Solution File, Format Version 12.00
# Visual Studio 2013
VisualStudioVersion = 12.0.30324.0
MinimumVisualStudioVersion = 10.0.40219.1
Project("{2150E333-8FDC-42A3-9474-1A3956D46DE8}") = "SharedApp", "SharedApp", "{EE38145E-5FEC-4F99-8CEC-DDCA64549DAF}"
EndProject
Project("{D954291E-2A0B-460D-934E-DC6B0785DB48}") = "PrulayerUniversal.Shared", "PrulayerUniversal\PrulayerUniversal.Shared\PrulayerUniversal.Shared.shproj", "{4DE88E7F-AC6D-4F0B-A33A-975839AF7A56}"
EndProject
Project("{262852C6-CD72-467D-83FE-5EEB1973A190}") = "PrulayerUniversal.Windows", "PrulayerUniversal\PrulayerUniversal.Windows\PrulayerUniversal.Windows.jsproj", "{B0A64F6F-05FA-4C94-ACD9-0F5328A9F0BC}"
EndProject
Project("{262852C6-CD72-467D-83FE-5EEB1973A190}") = "PrulayerUniversal.WindowsPhone", "PrulayerUniversal\PrulayerUniversal.WindowsPhone\PrulayerUniversal.WindowsPhone.jsproj", "{C52B170A-8BFB-4BFB-A96D-B99D79F887B4}"
EndProject
Global
	GlobalSection(SharedMSBuildProjectFiles) = preSolution
		PrulayerUniversal\PrulayerUniversal.Shared\PrulayerUniversal.Shared.projitems*{b0a64f6f-05fa-4c94-acd9-0f5328a9f0bc}*SharedItemsImports = 5
		PrulayerUniversal\PrulayerUniversal.Shared\PrulayerUniversal.Shared.projitems*{c52b170a-8bfb-4bfb-a96d-b99d79f887b4}*SharedItemsImports = 5
		PrulayerUniversal\PrulayerUniversal.Shared\PrulayerUniversal.Shared.projitems*{4de88e7f-ac6d-4f0b-a33a-975839af7a56}*SharedItemsImports = 13
	EndGlobalSection
	GlobalSection(SolutionConfigurationPlatforms) = preSolution
		Debug|Any CPU = Debug|Any CPU
		Debug|ARM = Debug|ARM
		Debug|x64 = Debug|x64
		Debug|x86 = Debug|x86
		Release|Any CPU = Release|Any CPU
		Release|ARM = Release|ARM
		Release|x64 = Release|x64
		Release|x86 = Release|x86
	EndGlobalSection
	GlobalSection(ProjectConfigurationPlatforms) = postSolution
		{B0A64F6F-05FA-4C94-ACD9-0F5328A9F0BC}.Debug|Any CPU.ActiveCfg = Debug|Any CPU
		{B0A64F6F-05FA-4C94-ACD9-0F5328A9F0BC}.Debug|Any CPU.Build.0 = Debug|Any CPU
		{B0A64F6F-05FA-4C94-ACD9-0F5328A9F0BC}.Debug|Any CPU.Deploy.0 = Debug|Any CPU
		{B0A64F6F-05FA-4C94-ACD9-0F5328A9F0BC}.Debug|ARM.ActiveCfg = Debug|ARM
		{B0A64F6F-05FA-4C94-ACD9-0F5328A9F0BC}.Debug|ARM.Build.0 = Debug|ARM
		{B0A64F6F-05FA-4C94-ACD9-0F5328A9F0BC}.Debug|ARM.Deploy.0 = Debug|ARM
		{B0A64F6F-05FA-4C94-ACD9-0F5328A9F0BC}.Debug|x64.ActiveCfg = Debug|x64
		{B0A64F6F-05FA-4C94-ACD9-0F5328A9F0BC}.Debug|x64.Build.0 = Debug|x64
		{B0A64F6F-05FA-4C94-ACD9-0F5328A9F0BC}.Debug|x64.Deploy.0 = Debug|x64
		{B0A64F6F-05FA-4C94-ACD9-0F5328A9F0BC}.Debug|x86.ActiveCfg = Debug|x86
		{B0A64F6F-05FA-4C94-ACD9-0F5328A9F0BC}.Debug|x86.Build.0 = Debug|x86
		{B0A64F6F-05FA-4C94-ACD9-0F5328A9F0BC}.Debug|x86.Deploy.0 = Debug|x86
		{B0A64F6F-05FA-4C94-ACD9-0F5328A9F0BC}.Release|Any CPU.ActiveCfg = Release|Any CPU
		{B0A64F6F-05FA-4C94-ACD9-0F5328A9F0BC}.Release|Any CPU.Build.0 = Release|Any CPU
		{B0A64F6F-05FA-4C94-ACD9-0F5328A9F0BC}.Release|Any CPU.Deploy.0 = Release|Any CPU
		{B0A64F6F-05FA-4C94-ACD9-0F5328A9F0BC}.Release|ARM.ActiveCfg = Release|ARM
		{B0A64F6F-05FA-4C94-ACD9-0F5328A9F0BC}.Release|ARM.Build.0 = Release|ARM
		{B0A64F6F-05FA-4C94-ACD9-0F5328A9F0BC}.Release|ARM.Deploy.0 = Release|ARM
		{B0A64F6F-05FA-4C94-ACD9-0F5328A9F0BC}.Release|x64.ActiveCfg = Release|x64
		{B0A64F6F-05FA-4C94-ACD9-0F5328A9F0BC}.Release|x64.Build.0 = Release|x64
		{B0A64F6F-05FA-4C94-ACD9-0F5328A9F0BC}.Release|x64.Deploy.0 = Release|x64
		{B0A64F6F-05FA-4C94-ACD9-0F5328A9F0BC}.Release|x86.ActiveCfg = Release|x86
		{B0A64F6F-05FA-4C94-ACD9-0F5328A9F0BC}.Release|x86.Build.0 = Release|x86
		{B0A64F6F-05FA-4C94-ACD9-0F5328A9F0BC}.Release|x86.Deploy.0 = Release|x86
		{C52B170A-8BFB-4BFB-A96D-B99D79F887B4}.Debug|Any CPU.ActiveCfg = Debug|Any CPU
		{C52B170A-8BFB-4BFB-A96D-B99D79F887B4}.Debug|Any CPU.Build.0 = Debug|Any CPU
		{C52B170A-8BFB-4BFB-A96D-B99D79F887B4}.Debug|Any CPU.Deploy.0 = Debug|Any CPU
		{C52B170A-8BFB-4BFB-A96D-B99D79F887B4}.Debug|ARM.ActiveCfg = Debug|ARM
		{C52B170A-8BFB-4BFB-A96D-B99D79F887B4}.Debug|ARM.Build.0 = Debug|ARM
		{C52B170A-8BFB-4BFB-A96D-B99D79F887B4}.Debug|ARM.Deploy.0 = Debug|ARM
		{C52B170A-8BFB-4BFB-A96D-B99D79F887B4}.Debug|x64.ActiveCfg = Debug|Any CPU
		{C52B170A-8BFB-4BFB-A96D-B99D79F887B4}.Debug|x86.ActiveCfg = Debug|x86
		{C52B170A-8BFB-4BFB-A96D-B99D79F887B4}.Debug|x86.Build.0 = Debug|x86
		{C52B170A-8BFB-4BFB-A96D-B99D79F887B4}.Debug|x86.Deploy.0 = Debug|x86
		{C52B170A-8BFB-4BFB-A96D-B99D79F887B4}.Release|Any CPU.ActiveCfg = Release|Any CPU
		{C52B170A-8BFB-4BFB-A96D-B99D79F887B4}.Release|Any CPU.Build.0 = Release|Any CPU
		{C52B170A-8BFB-4BFB-A96D-B99D79F887B4}.Release|Any CPU.Deploy.0 = Release|Any CPU
		{C52B170A-8BFB-4BFB-A96D-B99D79F887B4}.Release|ARM.ActiveCfg = Release|ARM
		{C52B170A-8BFB-4BFB-A96D-B99D79F887B4}.Release|ARM.Build.0 = Release|ARM
		{C52B170A-8BFB-4BFB-A96D-B99D79F887B4}.Release|ARM.Deploy.0 = Release|ARM
		{C52B170A-8BFB-4BFB-A96D-B99D79F887B4}.Release|x64.ActiveCfg = Release|Any CPU
		{C52B170A-8BFB-4BFB-A96D-B99D79F887B4}.Release|x86.ActiveCfg = Release|x86
		{C52B170A-8BFB-4BFB-A96D-B99D79F887B4}.Release|x86.Build.0 = Release|x86
		{C52B170A-8BFB-4BFB-A96D-B99D79F887B4}.Release|x86.Deploy.0 = Release|x86
	EndGlobalSection
	GlobalSection(SolutionProperties) = preSolution
		HideSolutionNode = FALSE
	EndGlobalSection
	GlobalSection(NestedProjects) = preSolution
		{4DE88E7F-AC6D-4F0B-A33A-975839AF7A56} = {EE38145E-5FEC-4F99-8CEC-DDCA64549DAF}
		{B0A64F6F-05FA-4C94-ACD9-0F5328A9F0BC} = {EE38145E-5FEC-4F99-8CEC-DDCA64549DAF}
		{C52B170A-8BFB-4BFB-A96D-B99D79F887B4} = {EE38145E-5FEC-4F99-8CEC-DDCA64549DAF}
	EndGlobalSection
EndGlobal
